// !$*UTF8*$!
{
	archiveVersion = 1;
	classes = {
	};
	objectVersion = 50;
	objects = {

/* Begin PBXBuildFile section */
		FC610C6125BE7E36003E665C /* CircleLight2D.hpp in Headers */ = {isa = PBXBuildFile; fileRef = FC610C6025BE7E36003E665C /* CircleLight2D.hpp */; };
		FC610C6525BE7E36003E665C /* CircleLight2D.cpp in Sources */ = {isa = PBXBuildFile; fileRef = FC610C6425BE7E36003E665C /* CircleLight2D.cpp */; };
		FC610C6D25BE7EB7003E665C /* Light2D.hpp in Headers */ = {isa = PBXBuildFile; fileRef = FC610C6C25BE7EB7003E665C /* Light2D.hpp */; };
		FC9BA63C25BFE46D00285624 /* Light2D.hpp in Sources */ = {isa = PBXBuildFile; fileRef = FC610C6C25BE7EB7003E665C /* Light2D.hpp */; };
		FC9BA63E25BFE47200285624 /* CircleLight2D.hpp in Sources */ = {isa = PBXBuildFile; fileRef = FC610C6025BE7E36003E665C /* CircleLight2D.hpp */; };
/* End PBXBuildFile section */

/* Begin PBXFileReference section */
		FC610C5D25BE7E36003E665C /* libCircleLight2D.dylib */ = {isa = PBXFileReference; explicitFileType = "compiled.mach-o.dylib"; includeInIndex = 0; path = libCircleLight2D.dylib; sourceTree = BUILT_PRODUCTS_DIR; };
		FC610C6025BE7E36003E665C /* CircleLight2D.hpp */ = {isa = PBXFileReference; lastKnownFileType = sourcecode.cpp.h; path = CircleLight2D.hpp; sourceTree = "<group>"; };
		FC610C6425BE7E36003E665C /* CircleLight2D.cpp */ = {isa = PBXFileReference; lastKnownFileType = sourcecode.cpp.cpp; path = CircleLight2D.cpp; sourceTree = "<group>"; };
		FC610C6C25BE7EB7003E665C /* Light2D.hpp */ = {isa = PBXFileReference; fileEncoding = 4; lastKnownFileType = sourcecode.cpp.h; name = Light2D.hpp; path = include/Light2D.hpp; sourceTree = SOURCE_ROOT; };
/* End PBXFileReference section */

/* Begin PBXFrameworksBuildPhase section */
		FC610C5B25BE7E36003E665C /* Frameworks */ = {
			isa = PBXFrameworksBuildPhase;
			buildActionMask = 2147483647;
			files = (
			);
			runOnlyForDeploymentPostprocessing = 0;
		};
/* End PBXFrameworksBuildPhase section */

/* Begin PBXGroup section */
		FC610C5425BE7E36003E665C = {
			isa = PBXGroup;
			children = (
				FC610C5F25BE7E36003E665C /* CircleLight2D */,
				FC610C5E25BE7E36003E665C /* Products */,
			);
			sourceTree = "<group>";
		};
		FC610C5E25BE7E36003E665C /* Products */ = {
			isa = PBXGroup;
			children = (
				FC610C5D25BE7E36003E665C /* libCircleLight2D.dylib */,
			);
			name = Products;
			sourceTree = "<group>";
		};
		FC610C5F25BE7E36003E665C /* CircleLight2D */ = {
			isa = PBXGroup;
			children = (
				FC610C6C25BE7EB7003E665C /* Light2D.hpp */,
				FC610C6025BE7E36003E665C /* CircleLight2D.hpp */,
				FC610C6425BE7E36003E665C /* CircleLight2D.cpp */,
			);
			path = CircleLight2D;
			sourceTree = "<group>";
		};
/* End PBXGroup section */

/* Begin PBXHeadersBuildPhase section */
		FC610C5925BE7E36003E665C /* Headers */ = {
			isa = PBXHeadersBuildPhase;
			buildActionMask = 2147483647;
			files = (
				FC610C6125BE7E36003E665C /* CircleLight2D.hpp in Headers */,
				FC610C6D25BE7EB7003E665C /* Light2D.hpp in Headers */,
			);
			runOnlyForDeploymentPostprocessing = 0;
		};
/* End PBXHeadersBuildPhase section */

/* Begin PBXNativeTarget section */
		FC610C5C25BE7E36003E665C /* CircleLight2D */ = {
			isa = PBXNativeTarget;
			buildConfigurationList = FC610C6825BE7E36003E665C /* Build configuration list for PBXNativeTarget "CircleLight2D" */;
			buildPhases = (
				FC610C5925BE7E36003E665C /* Headers */,
				FC610C5A25BE7E36003E665C /* Sources */,
				FC610C5B25BE7E36003E665C /* Frameworks */,
			);
			buildRules = (
			);
			dependencies = (
			);
			name = CircleLight2D;
			productName = CircleLight2D;
			productReference = FC610C5D25BE7E36003E665C /* libCircleLight2D.dylib */;
			productType = "com.apple.product-type.library.dynamic";
		};
/* End PBXNativeTarget section */

/* Begin PBXProject section */
		FC610C5525BE7E36003E665C /* Project object */ = {
			isa = PBXProject;
			attributes = {
				LastUpgradeCheck = 1230;
				TargetAttributes = {
					FC610C5C25BE7E36003E665C = {
						CreatedOnToolsVersion = 12.3;
					};
				};
			};
			buildConfigurationList = FC610C5825BE7E36003E665C /* Build configuration list for PBXProject "CircleLight2D" */;
			compatibilityVersion = "Xcode 9.3";
			developmentRegion = en;
			hasScannedForEncodings = 0;
			knownRegions = (
				en,
				Base,
			);
			mainGroup = FC610C5425BE7E36003E665C;
			productRefGroup = FC610C5E25BE7E36003E665C /* Products */;
			projectDirPath = "";
			projectRoot = "";
			targets = (
				FC610C5C25BE7E36003E665C /* CircleLight2D */,
			);
		};
/* End PBXProject section */

/* Begin PBXSourcesBuildPhase section */
		FC610C5A25BE7E36003E665C /* Sources */ = {
			isa = PBXSourcesBuildPhase;
			buildActionMask = 2147483647;
			files = (
				FC9BA63E25BFE47200285624 /* CircleLight2D.hpp in Sources */,
				FC9BA63C25BFE46D00285624 /* Light2D.hpp in Sources */,
				FC610C6525BE7E36003E665C /* CircleLight2D.cpp in Sources */,
			);
			runOnlyForDeploymentPostprocessing = 0;
		};
/* End PBXSourcesBuildPhase section */

/* Begin XCBuildConfiguration section */
		FC610C6625BE7E36003E665C /* Debug */ = {
			isa = XCBuildConfiguration;
			buildSettings = {
				ALWAYS_SEARCH_USER_PATHS = NO;
				CLANG_ANALYZER_NONNULL = YES;
				CLANG_ANALYZER_NUMBER_OBJECT_CONVERSION = YES_AGGRESSIVE;
				CLANG_CXX_LANGUAGE_STANDARD = "gnu++14";
				CLANG_CXX_LIBRARY = "libc++";
				CLANG_ENABLE_MODULES = YES;
				CLANG_ENABLE_OBJC_ARC = YES;
				CLANG_ENABLE_OBJC_WEAK = YES;
				CLANG_WARN_BLOCK_CAPTURE_AUTORELEASING = YES;
				CLANG_WARN_BOOL_CONVERSION = YES;
				CLANG_WARN_COMMA = YES;
				CLANG_WARN_CONSTANT_CONVERSION = YES;
				CLANG_WARN_DEPRECATED_OBJC_IMPLEMENTATIONS = YES;
				CLANG_WARN_DIRECT_OBJC_ISA_USAGE = YES_ERROR;
				CLANG_WARN_DOCUMENTATION_COMMENTS = YES;
				CLANG_WARN_EMPTY_BODY = YES;
				CLANG_WARN_ENUM_CONVERSION = YES;
				CLANG_WARN_INFINITE_RECURSION = YES;
				CLANG_WARN_INT_CONVERSION = YES;
				CLANG_WARN_NON_LITERAL_NULL_CONVERSION = YES;
				CLANG_WARN_OBJC_IMPLICIT_RETAIN_SELF = YES;
				CLANG_WARN_OBJC_LITERAL_CONVERSION = YES;
				CLANG_WARN_OBJC_ROOT_CLASS = YES_ERROR;
				CLANG_WARN_QUOTED_INCLUDE_IN_FRAMEWORK_HEADER = YES;
				CLANG_WARN_RANGE_LOOP_ANALYSIS = YES;
				CLANG_WARN_STRICT_PROTOTYPES = YES;
				CLANG_WARN_SUSPICIOUS_MOVE = YES;
				CLANG_WARN_UNGUARDED_AVAILABILITY = YES_AGGRESSIVE;
				CLANG_WARN_UNREACHABLE_CODE = YES;
				CLANG_WARN__DUPLICATE_METHOD_MATCH = YES;
				COPY_PHASE_STRIP = NO;
				DEBUG_INFORMATION_FORMAT = dwarf;
				ENABLE_STRICT_OBJC_MSGSEND = YES;
				ENABLE_TESTABILITY = YES;
				GCC_C_LANGUAGE_STANDARD = gnu11;
				GCC_DYNAMIC_NO_PIC = NO;
				GCC_NO_COMMON_BLOCKS = YES;
				GCC_OPTIMIZATION_LEVEL = 0;
				GCC_PREPROCESSOR_DEFINITIONS = (
					"DEBUG=1",
					"$(inherited)",
				);
				GCC_WARN_64_TO_32_BIT_CONVERSION = YES;
				GCC_WARN_ABOUT_RETURN_TYPE = YES_ERROR;
				GCC_WARN_UNDECLARED_SELECTOR = YES;
				GCC_WARN_UNINITIALIZED_AUTOS = YES_AGGRESSIVE;
				GCC_WARN_UNUSED_FUNCTION = YES;
				GCC_WARN_UNUSED_VARIABLE = YES;
				MACOSX_DEPLOYMENT_TARGET = 11.1;
				MTL_ENABLE_DEBUG_INFO = INCLUDE_SOURCE;
				MTL_FAST_MATH = YES;
				ONLY_ACTIVE_ARCH = YES;
				SDKROOT = macosx;
			};
			name = Debug;
		};
		FC610C6725BE7E36003E665C /* Release */ = {
			isa = XCBuildConfiguration;
			buildSettings = {
				ALWAYS_SEARCH_USER_PATHS = NO;
				CLANG_ANALYZER_NONNULL = YES;
				CLANG_ANALYZER_NUMBER_OBJECT_CONVERSION = YES_AGGRESSIVE;
				CLANG_CXX_LANGUAGE_STANDARD = "gnu++14";
				CLANG_CXX_LIBRARY = "libc++";
				CLANG_ENABLE_MODULES = YES;
				CLANG_ENABLE_OBJC_ARC = YES;
				CLANG_ENABLE_OBJC_WEAK = YES;
				CLANG_WARN_BLOCK_CAPTURE_AUTORELEASING = YES;
				CLANG_WARN_BOOL_CONVERSION = YES;
				CLANG_WARN_COMMA = YES;
				CLANG_WARN_CONSTANT_CONVERSION = YES;
				CLANG_WARN_DEPRECATED_OBJC_IMPLEMENTATIONS = YES;
				CLANG_WARN_DIRECT_OBJC_ISA_USAGE = YES_ERROR;
				CLANG_WARN_DOCUMENTATION_COMMENTS = YES;
				CLANG_WARN_EMPTY_BODY = YES;
				CLANG_WARN_ENUM_CONVERSION = YES;
				CLANG_WARN_INFINITE_RECURSION = YES;
				CLANG_WARN_INT_CONVERSION = YES;
				CLANG_WARN_NON_LITERAL_NULL_CONVERSION = YES;
				CLANG_WARN_OBJC_IMPLICIT_RETAIN_SELF = YES;
				CLANG_WARN_OBJC_LITERAL_CONVERSION = YES;
				CLANG_WARN_OBJC_ROOT_CLASS = YES_ERROR;
				CLANG_WARN_QUOTED_INCLUDE_IN_FRAMEWORK_HEADER = YES;
				CLANG_WARN_RANGE_LOOP_ANALYSIS = YES;
				CLANG_WARN_STRICT_PROTOTYPES = YES;
				CLANG_WARN_SUSPICIOUS_MOVE = YES;
				CLANG_WARN_UNGUARDED_AVAILABILITY = YES_AGGRESSIVE;
				CLANG_WARN_UNREACHABLE_CODE = YES;
				CLANG_WARN__DUPLICATE_METHOD_MATCH = YES;
				COPY_PHASE_STRIP = NO;
				DEBUG_INFORMATION_FORMAT = "dwarf-with-dsym";
				ENABLE_NS_ASSERTIONS = NO;
				ENABLE_STRICT_OBJC_MSGSEND = YES;
				GCC_C_LANGUAGE_STANDARD = gnu11;
				GCC_NO_COMMON_BLOCKS = YES;
				GCC_WARN_64_TO_32_BIT_CONVERSION = YES;
				GCC_WARN_ABOUT_RETURN_TYPE = YES_ERROR;
				GCC_WARN_UNDECLARED_SELECTOR = YES;
				GCC_WARN_UNINITIALIZED_AUTOS = YES_AGGRESSIVE;
				GCC_WARN_UNUSED_FUNCTION = YES;
				GCC_WARN_UNUSED_VARIABLE = YES;
				MACOSX_DEPLOYMENT_TARGET = 11.1;
				MTL_ENABLE_DEBUG_INFO = NO;
				MTL_FAST_MATH = YES;
				SDKROOT = macosx;
			};
			name = Release;
		};
		FC610C6925BE7E36003E665C /* Debug */ = {
			isa = XCBuildConfiguration;
			buildSettings = {
				CODE_SIGN_STYLE = Automatic;
				DEVELOPMENT_TEAM = U5D4BZLJDG;
				DYLIB_COMPATIBILITY_VERSION = 1;
				DYLIB_CURRENT_VERSION = 1;
				EXECUTABLE_PREFIX = lib;
				GCC_ENABLE_CPP_EXCEPTIONS = YES;
				GCC_ENABLE_CPP_RTTI = YES;
				GCC_SYMBOLS_PRIVATE_EXTERN = YES;
				"HEADER_SEARCH_PATHS[arch=*]" = /usr/local/include/;
				PRODUCT_NAME = "$(TARGET_NAME)";
				SKIP_INSTALL = YES;
			};
			name = Debug;
		};
		FC610C6A25BE7E36003E665C /* Release */ = {
			isa = XCBuildConfiguration;
			buildSettings = {
				CODE_SIGN_STYLE = Automatic;
				DEVELOPMENT_TEAM = U5D4BZLJDG;
				DYLIB_COMPATIBILITY_VERSION = 1;
				DYLIB_CURRENT_VERSION = 1;
				EXECUTABLE_PREFIX = lib;
				GCC_ENABLE_CPP_EXCEPTIONS = YES;
				GCC_ENABLE_CPP_RTTI = YES;
				GCC_SYMBOLS_PRIVATE_EXTERN = YES;
				"HEADER_SEARCH_PATHS[arch=*]" = /usr/local/include/;
				PRODUCT_NAME = "$(TARGET_NAME)";
				SKIP_INSTALL = YES;
			};
			name = Release;
		};
/* End XCBuildConfiguration section */

/* Begin XCConfigurationList section */
		FC610C5825BE7E36003E665C /* Build configuration list for PBXProject "CircleLight2D" */ = {
			isa = XCConfigurationList;
			buildConfigurations = (
				FC610C6625BE7E36003E665C /* Debug */,
				FC610C6725BE7E36003E665C /* Release */,
			);
			defaultConfigurationIsVisible = 0;
			defaultConfigurationName = Release;
		};
		FC610C6825BE7E36003E665C /* Build configuration list for PBXNativeTarget "CircleLight2D" */ = {
			isa = XCConfigurationList;
			buildConfigurations = (
				FC610C6925BE7E36003E665C /* Debug */,
				FC610C6A25BE7E36003E665C /* Release */,
			);
			defaultConfigurationIsVisible = 0;
			defaultConfigurationName = Release;
		};
/* End XCConfigurationList section */
	};
	rootObject = FC610C5525BE7E36003E665C /* Project object */;
}
