// !$*UTF8*$!
{
	archiveVersion = 1;
	classes = {
	};
	objectVersion = 50;
	objects = {

/* Begin PBXBuildFile section */
		FC2F9B342622D4E700DD0580 /* DisjSet.hpp in Headers */ = {isa = PBXBuildFile; fileRef = FC2F9B332622D4E700DD0580 /* DisjSet.hpp */; };
		FC2F9B372622D4F600DD0580 /* kruskal.hpp in Headers */ = {isa = PBXBuildFile; fileRef = FC2F9B362622D4F600DD0580 /* kruskal.hpp */; };
		FC2F9B3A2622D50300DD0580 /* prim.hpp in Headers */ = {isa = PBXBuildFile; fileRef = FC2F9B392622D50300DD0580 /* prim.hpp */; };
		FC2F9B3E2622D53A00DD0580 /* FMST.cpp in Sources */ = {isa = PBXBuildFile; fileRef = FC2F9B3C2622D53A00DD0580 /* FMST.cpp */; };
/* End PBXBuildFile section */

/* Begin PBXFileReference section */
		FC2F9B262622D47500DD0580 /* libWolfram_FindMinimumSpanningTree.dylib */ = {isa = PBXFileReference; explicitFileType = "compiled.mach-o.dylib"; includeInIndex = 0; path = libWolfram_FindMinimumSpanningTree.dylib; sourceTree = BUILT_PRODUCTS_DIR; };
		FC2F9B332622D4E700DD0580 /* DisjSet.hpp */ = {isa = PBXFileReference; fileEncoding = 4; lastKnownFileType = sourcecode.cpp.h; name = DisjSet.hpp; path = ../../FindMinimumSpanningTree/DisjSet.hpp; sourceTree = "<group>"; };
		FC2F9B362622D4F600DD0580 /* kruskal.hpp */ = {isa = PBXFileReference; fileEncoding = 4; lastKnownFileType = sourcecode.cpp.h; name = kruskal.hpp; path = ../../FindMinimumSpanningTree/kruskal.hpp; sourceTree = "<group>"; };
		FC2F9B392622D50300DD0580 /* prim.hpp */ = {isa = PBXFileReference; fileEncoding = 4; lastKnownFileType = sourcecode.cpp.h; name = prim.hpp; path = ../../FindMinimumSpanningTree/prim.hpp; sourceTree = "<group>"; };
		FC2F9B3C2622D53A00DD0580 /* FMST.cpp */ = {isa = PBXFileReference; lastKnownFileType = sourcecode.cpp.cpp; path = FMST.cpp; sourceTree = "<group>"; };
/* End PBXFileReference section */

/* Begin PBXFrameworksBuildPhase section */
		FC2F9B242622D47500DD0580 /* Frameworks */ = {
			isa = PBXFrameworksBuildPhase;
			buildActionMask = 2147483647;
			files = (
			);
			runOnlyForDeploymentPostprocessing = 0;
		};
/* End PBXFrameworksBuildPhase section */

/* Begin PBXGroup section */
		FC2F9B1D2622D47400DD0580 = {
			isa = PBXGroup;
			children = (
				FC2F9B322622D4C700DD0580 /* Source */,
				FC2F9B272622D47500DD0580 /* Products */,
			);
			sourceTree = "<group>";
		};
		FC2F9B272622D47500DD0580 /* Products */ = {
			isa = PBXGroup;
			children = (
				FC2F9B262622D47500DD0580 /* libWolfram_FindMinimumSpanningTree.dylib */,
			);
			name = Products;
			sourceTree = "<group>";
		};
		FC2F9B322622D4C700DD0580 /* Source */ = {
			isa = PBXGroup;
			children = (
				FC2F9B392622D50300DD0580 /* prim.hpp */,
				FC2F9B362622D4F600DD0580 /* kruskal.hpp */,
				FC2F9B332622D4E700DD0580 /* DisjSet.hpp */,
				FC2F9B3C2622D53A00DD0580 /* FMST.cpp */,
			);
			path = Source;
			sourceTree = "<group>";
		};
/* End PBXGroup section */

/* Begin PBXHeadersBuildPhase section */
		FC2F9B222622D47500DD0580 /* Headers */ = {
			isa = PBXHeadersBuildPhase;
			buildActionMask = 2147483647;
			files = (
				FC2F9B3A2622D50300DD0580 /* prim.hpp in Headers */,
				FC2F9B372622D4F600DD0580 /* kruskal.hpp in Headers */,
				FC2F9B342622D4E700DD0580 /* DisjSet.hpp in Headers */,
			);
			runOnlyForDeploymentPostprocessing = 0;
		};
/* End PBXHeadersBuildPhase section */

/* Begin PBXNativeTarget section */
		FC2F9B252622D47500DD0580 /* Wolfram_FindMinimumSpanningTree */ = {
			isa = PBXNativeTarget;
			buildConfigurationList = FC2F9B2A2622D47500DD0580 /* Build configuration list for PBXNativeTarget "Wolfram_FindMinimumSpanningTree" */;
			buildPhases = (
				FC2F9B222622D47500DD0580 /* Headers */,
				FC2F9B232622D47500DD0580 /* Sources */,
				FC2F9B242622D47500DD0580 /* Frameworks */,
			);
			buildRules = (
			);
			dependencies = (
			);
			name = Wolfram_FindMinimumSpanningTree;
			productName = Wolfram_FindMinimumSpanningTree;
			productReference = FC2F9B262622D47500DD0580 /* libWolfram_FindMinimumSpanningTree.dylib */;
			productType = "com.apple.product-type.library.dynamic";
		};
/* End PBXNativeTarget section */

/* Begin PBXProject section */
		FC2F9B1E2622D47400DD0580 /* Project object */ = {
			isa = PBXProject;
			attributes = {
				LastUpgradeCheck = 1240;
				TargetAttributes = {
					FC2F9B252622D47500DD0580 = {
						CreatedOnToolsVersion = 12.4;
					};
				};
			};
			buildConfigurationList = FC2F9B212622D47400DD0580 /* Build configuration list for PBXProject "Wolfram_FindMinimumSpanningTree" */;
			compatibilityVersion = "Xcode 9.3";
			developmentRegion = en;
			hasScannedForEncodings = 0;
			knownRegions = (
				en,
				Base,
			);
			mainGroup = FC2F9B1D2622D47400DD0580;
			productRefGroup = FC2F9B272622D47500DD0580 /* Products */;
			projectDirPath = "";
			projectRoot = "";
			targets = (
				FC2F9B252622D47500DD0580 /* Wolfram_FindMinimumSpanningTree */,
			);
		};
/* End PBXProject section */

/* Begin PBXSourcesBuildPhase section */
		FC2F9B232622D47500DD0580 /* Sources */ = {
			isa = PBXSourcesBuildPhase;
			buildActionMask = 2147483647;
			files = (
				FC2F9B3E2622D53A00DD0580 /* FMST.cpp in Sources */,
			);
			runOnlyForDeploymentPostprocessing = 0;
		};
/* End PBXSourcesBuildPhase section */

/* Begin XCBuildConfiguration section */
		FC2F9B282622D47500DD0580 /* Debug */ = {
			isa = XCBuildConfiguration;
			buildSettings = {
				ALWAYS_SEARCH_USER_PATHS = NO;
				CLANG_ANALYZER_NONNULL = YES;
				CLANG_ANALYZER_NUMBER_OBJECT_CONVERSION = YES_AGGRESSIVE;
				CLANG_CXX_LANGUAGE_STANDARD = "gnu++14";
				CLANG_CXX_LIBRARY = "libc++";
				CLANG_ENABLE_MODULES = YES;
				CLANG_ENABLE_OBJC_ARC = YES;
				CLANG_ENABLE_OBJC_WEAK = YES;
				CLANG_WARN_BLOCK_CAPTURE_AUTORELEASING = YES;
				CLANG_WARN_BOOL_CONVERSION = YES;
				CLANG_WARN_COMMA = YES;
				CLANG_WARN_CONSTANT_CONVERSION = YES;
				CLANG_WARN_DEPRECATED_OBJC_IMPLEMENTATIONS = YES;
				CLANG_WARN_DIRECT_OBJC_ISA_USAGE = YES_ERROR;
				CLANG_WARN_DOCUMENTATION_COMMENTS = YES;
				CLANG_WARN_EMPTY_BODY = YES;
				CLANG_WARN_ENUM_CONVERSION = YES;
				CLANG_WARN_INFINITE_RECURSION = YES;
				CLANG_WARN_INT_CONVERSION = YES;
				CLANG_WARN_NON_LITERAL_NULL_CONVERSION = YES;
				CLANG_WARN_OBJC_IMPLICIT_RETAIN_SELF = YES;
				CLANG_WARN_OBJC_LITERAL_CONVERSION = YES;
				CLANG_WARN_OBJC_ROOT_CLASS = YES_ERROR;
				CLANG_WARN_QUOTED_INCLUDE_IN_FRAMEWORK_HEADER = YES;
				CLANG_WARN_RANGE_LOOP_ANALYSIS = YES;
				CLANG_WARN_STRICT_PROTOTYPES = YES;
				CLANG_WARN_SUSPICIOUS_MOVE = YES;
				CLANG_WARN_UNGUARDED_AVAILABILITY = YES_AGGRESSIVE;
				CLANG_WARN_UNREACHABLE_CODE = YES;
				CLANG_WARN__DUPLICATE_METHOD_MATCH = YES;
				COPY_PHASE_STRIP = NO;
				DEBUG_INFORMATION_FORMAT = dwarf;
				ENABLE_STRICT_OBJC_MSGSEND = YES;
				ENABLE_TESTABILITY = YES;
				GCC_C_LANGUAGE_STANDARD = gnu11;
				GCC_DYNAMIC_NO_PIC = NO;
				GCC_NO_COMMON_BLOCKS = YES;
				GCC_OPTIMIZATION_LEVEL = 0;
				GCC_PREPROCESSOR_DEFINITIONS = (
					"DEBUG=1",
					"$(inherited)",
				);
				GCC_WARN_64_TO_32_BIT_CONVERSION = YES;
				GCC_WARN_ABOUT_RETURN_TYPE = YES_ERROR;
				GCC_WARN_UNDECLARED_SELECTOR = YES;
				GCC_WARN_UNINITIALIZED_AUTOS = YES_AGGRESSIVE;
				GCC_WARN_UNUSED_FUNCTION = YES;
				GCC_WARN_UNUSED_VARIABLE = YES;
				MACOSX_DEPLOYMENT_TARGET = 11.1;
				MTL_ENABLE_DEBUG_INFO = INCLUDE_SOURCE;
				MTL_FAST_MATH = YES;
				ONLY_ACTIVE_ARCH = YES;
				SDKROOT = macosx;
			};
			name = Debug;
		};
		FC2F9B292622D47500DD0580 /* Release */ = {
			isa = XCBuildConfiguration;
			buildSettings = {
				ALWAYS_SEARCH_USER_PATHS = NO;
				CLANG_ANALYZER_NONNULL = YES;
				CLANG_ANALYZER_NUMBER_OBJECT_CONVERSION = YES_AGGRESSIVE;
				CLANG_CXX_LANGUAGE_STANDARD = "gnu++14";
				CLANG_CXX_LIBRARY = "libc++";
				CLANG_ENABLE_MODULES = YES;
				CLANG_ENABLE_OBJC_ARC = YES;
				CLANG_ENABLE_OBJC_WEAK = YES;
				CLANG_WARN_BLOCK_CAPTURE_AUTORELEASING = YES;
				CLANG_WARN_BOOL_CONVERSION = YES;
				CLANG_WARN_COMMA = YES;
				CLANG_WARN_CONSTANT_CONVERSION = YES;
				CLANG_WARN_DEPRECATED_OBJC_IMPLEMENTATIONS = YES;
				CLANG_WARN_DIRECT_OBJC_ISA_USAGE = YES_ERROR;
				CLANG_WARN_DOCUMENTATION_COMMENTS = YES;
				CLANG_WARN_EMPTY_BODY = YES;
				CLANG_WARN_ENUM_CONVERSION = YES;
				CLANG_WARN_INFINITE_RECURSION = YES;
				CLANG_WARN_INT_CONVERSION = YES;
				CLANG_WARN_NON_LITERAL_NULL_CONVERSION = YES;
				CLANG_WARN_OBJC_IMPLICIT_RETAIN_SELF = YES;
				CLANG_WARN_OBJC_LITERAL_CONVERSION = YES;
				CLANG_WARN_OBJC_ROOT_CLASS = YES_ERROR;
				CLANG_WARN_QUOTED_INCLUDE_IN_FRAMEWORK_HEADER = YES;
				CLANG_WARN_RANGE_LOOP_ANALYSIS = YES;
				CLANG_WARN_STRICT_PROTOTYPES = YES;
				CLANG_WARN_SUSPICIOUS_MOVE = YES;
				CLANG_WARN_UNGUARDED_AVAILABILITY = YES_AGGRESSIVE;
				CLANG_WARN_UNREACHABLE_CODE = YES;
				CLANG_WARN__DUPLICATE_METHOD_MATCH = YES;
				COPY_PHASE_STRIP = NO;
				DEBUG_INFORMATION_FORMAT = "dwarf-with-dsym";
				ENABLE_NS_ASSERTIONS = NO;
				ENABLE_STRICT_OBJC_MSGSEND = YES;
				GCC_C_LANGUAGE_STANDARD = gnu11;
				GCC_NO_COMMON_BLOCKS = YES;
				GCC_WARN_64_TO_32_BIT_CONVERSION = YES;
				GCC_WARN_ABOUT_RETURN_TYPE = YES_ERROR;
				GCC_WARN_UNDECLARED_SELECTOR = YES;
				GCC_WARN_UNINITIALIZED_AUTOS = YES_AGGRESSIVE;
				GCC_WARN_UNUSED_FUNCTION = YES;
				GCC_WARN_UNUSED_VARIABLE = YES;
				MACOSX_DEPLOYMENT_TARGET = 11.1;
				MTL_ENABLE_DEBUG_INFO = NO;
				MTL_FAST_MATH = YES;
				SDKROOT = macosx;
			};
			name = Release;
		};
		FC2F9B2B2622D47500DD0580 /* Debug */ = {
			isa = XCBuildConfiguration;
			buildSettings = {
				CODE_SIGN_STYLE = Automatic;
				DEVELOPMENT_TEAM = U5D4BZLJDG;
				DYLIB_COMPATIBILITY_VERSION = 1;
				DYLIB_CURRENT_VERSION = 1;
				EXECUTABLE_PREFIX = lib;
				PRODUCT_NAME = "$(TARGET_NAME)";
				SKIP_INSTALL = YES;
			};
			name = Debug;
		};
		FC2F9B2C2622D47500DD0580 /* Release */ = {
			isa = XCBuildConfiguration;
			buildSettings = {
				CODE_SIGN_STYLE = Automatic;
				DEVELOPMENT_TEAM = U5D4BZLJDG;
				DYLIB_COMPATIBILITY_VERSION = 1;
				DYLIB_CURRENT_VERSION = 1;
				EXECUTABLE_PREFIX = lib;
				PRODUCT_NAME = "$(TARGET_NAME)";
				SKIP_INSTALL = YES;
			};
			name = Release;
		};
/* End XCBuildConfiguration section */

/* Begin XCConfigurationList section */
		FC2F9B212622D47400DD0580 /* Build configuration list for PBXProject "Wolfram_FindMinimumSpanningTree" */ = {
			isa = XCConfigurationList;
			buildConfigurations = (
				FC2F9B282622D47500DD0580 /* Debug */,
				FC2F9B292622D47500DD0580 /* Release */,
			);
			defaultConfigurationIsVisible = 0;
			defaultConfigurationName = Release;
		};
		FC2F9B2A2622D47500DD0580 /* Build configuration list for PBXNativeTarget "Wolfram_FindMinimumSpanningTree" */ = {
			isa = XCConfigurationList;
			buildConfigurations = (
				FC2F9B2B2622D47500DD0580 /* Debug */,
				FC2F9B2C2622D47500DD0580 /* Release */,
			);
			defaultConfigurationIsVisible = 0;
			defaultConfigurationName = Release;
		};
/* End XCConfigurationList section */
	};
	rootObject = FC2F9B1E2622D47400DD0580 /* Project object */;
}
